
Microsoft Visual Studio Solution File, Format Version 12.00
# Visual Studio Version 17
VisualStudioVersion = 17.7.34024.191
MinimumVisualStudioVersion = 10.0.40219.1
Project("{FAE04EC0-301F-11D3-BF4B-00C04F79EFBC}") = "EmpleadosParcial", "EmpleadosParcial\EmpleadosParcial.csproj", "{FD8A776C-B433-47AD-BF97-A90687FB12DE}"
EndProject
Global
	GlobalSection(SolutionConfigurationPlatforms) = preSolution
		Debug|Any CPU = Debug|Any CPU
		Release|Any CPU = Release|Any CPU
	EndGlobalSection
	GlobalSection(ProjectConfigurationPlatforms) = postSolution
		{FD8A776C-B433-47AD-BF97-A90687FB12DE}.Debug|Any CPU.ActiveCfg = Debug|Any CPU
		{FD8A776C-B433-47AD-BF97-A90687FB12DE}.Debug|Any CPU.Build.0 = Debug|Any CPU
		{FD8A776C-B433-47AD-BF97-A90687FB12DE}.Release|Any CPU.ActiveCfg = Release|Any CPU
		{FD8A776C-B433-47AD-BF97-A90687FB12DE}.Release|Any CPU.Build.0 = Release|Any CPU
	EndGlobalSection
	GlobalSection(SolutionProperties) = preSolution
		HideSolutionNode = FALSE
	EndGlobalSection
	GlobalSection(ExtensibilityGlobals) = postSolution
		SolutionGuid = {267C4DCA-B11B-4343-837C-868701D1843A}
	EndGlobalSection
EndGlobal
